// !$*UTF8*$!
{
	archiveVersion = 1;
	classes = {
	};
	objectVersion = 56;
	objects = {

/* Begin PBXBuildFile section */
		D404DA7129A40D35001B13D0 /* TimeFliesApp.swift in Sources */ = {isa = PBXBuildFile; fileRef = D404DA7029A40D35001B13D0 /* TimeFliesApp.swift */; };
		D404DA7329A40D35001B13D0 /* ContentView.swift in Sources */ = {isa = PBXBuildFile; fileRef = D404DA7229A40D35001B13D0 /* ContentView.swift */; };
		D404DA7529A40D36001B13D0 /* Assets.xcassets in Resources */ = {isa = PBXBuildFile; fileRef = D404DA7429A40D36001B13D0 /* Assets.xcassets */; };
		D404DA7829A40D36001B13D0 /* Preview Assets.xcassets in Resources */ = {isa = PBXBuildFile; fileRef = D404DA7729A40D36001B13D0 /* Preview Assets.xcassets */; };
		D404DAAA29A40FDD001B13D0 /* TimeFlies.xcdatamodeld in Sources */ = {isa = PBXBuildFile; fileRef = D404DAA829A40FDD001B13D0 /* TimeFlies.xcdatamodeld */; };
		D404DAAD29A4101D001B13D0 /* Event+CoreDataClass.swift in Sources */ = {isa = PBXBuildFile; fileRef = D404DAAB29A4101D001B13D0 /* Event+CoreDataClass.swift */; };
		D404DAAE29A4101D001B13D0 /* Event+CoreDataProperties.swift in Sources */ = {isa = PBXBuildFile; fileRef = D404DAAC29A4101D001B13D0 /* Event+CoreDataProperties.swift */; };
		D404DAB029A410F8001B13D0 /* PersistenceController.swift in Sources */ = {isa = PBXBuildFile; fileRef = D404DAAF29A410F8001B13D0 /* PersistenceController.swift */; };
		D404DAB429A41982001B13D0 /* TimeFliesDataManaging.swift in Sources */ = {isa = PBXBuildFile; fileRef = D404DAB329A41982001B13D0 /* TimeFliesDataManaging.swift */; };
		D404DAB629A41A2E001B13D0 /* CoreDataTimeFliesDataManager.swift in Sources */ = {isa = PBXBuildFile; fileRef = D404DAB529A41A2E001B13D0 /* CoreDataTimeFliesDataManager.swift */; };
		D404DABB29A41F54001B13D0 /* EnvironmentObjectProtocolWrapper.swift in Sources */ = {isa = PBXBuildFile; fileRef = D404DABA29A41F54001B13D0 /* EnvironmentObjectProtocolWrapper.swift */; };
		D404DABD29A42115001B13D0 /* ContentViewViewModel.swift in Sources */ = {isa = PBXBuildFile; fileRef = D404DABC29A42115001B13D0 /* ContentViewViewModel.swift */; };
		D404DAC229A42371001B13D0 /* EventCell.swift in Sources */ = {isa = PBXBuildFile; fileRef = D404DAC129A42371001B13D0 /* EventCell.swift */; };
		D404DAC529A4247C001B13D0 /* EventCellViewModel.swift in Sources */ = {isa = PBXBuildFile; fileRef = D404DAC429A4247C001B13D0 /* EventCellViewModel.swift */; };
		D404DAC729A42844001B13D0 /* EventInfoView.swift in Sources */ = {isa = PBXBuildFile; fileRef = D404DAC629A42844001B13D0 /* EventInfoView.swift */; };
		D404DAC929A42ADE001B13D0 /* ClearableTextField.swift in Sources */ = {isa = PBXBuildFile; fileRef = D404DAC829A42ADE001B13D0 /* ClearableTextField.swift */; };
		D40CC7DA29AB9A75001C5FF8 /* EditModeButton.swift in Sources */ = {isa = PBXBuildFile; fileRef = D40CC7D929AB9A75001C5FF8 /* EditModeButton.swift */; };
		D41F758329A8DDEB00DE252D /* RoundedBorder.swift in Sources */ = {isa = PBXBuildFile; fileRef = D41F758229A8DDEB00DE252D /* RoundedBorder.swift */; };
		D49B840329A550A700068DCF /* EventInfoViewViewModel.swift in Sources */ = {isa = PBXBuildFile; fileRef = D49B840229A550A700068DCF /* EventInfoViewViewModel.swift */; };
		D49B840529A5685400068DCF /* Date+Utils.swift in Sources */ = {isa = PBXBuildFile; fileRef = D49B840429A5685400068DCF /* Date+Utils.swift */; };
/* End PBXBuildFile section */

/* Begin PBXFileReference section */
		D404DA6D29A40D35001B13D0 /* TimeFlies.app */ = {isa = PBXFileReference; explicitFileType = wrapper.application; includeInIndex = 0; path = TimeFlies.app; sourceTree = BUILT_PRODUCTS_DIR; };
		D404DA7029A40D35001B13D0 /* TimeFliesApp.swift */ = {isa = PBXFileReference; lastKnownFileType = sourcecode.swift; path = TimeFliesApp.swift; sourceTree = "<group>"; };
		D404DA7229A40D35001B13D0 /* ContentView.swift */ = {isa = PBXFileReference; lastKnownFileType = sourcecode.swift; path = ContentView.swift; sourceTree = "<group>"; };
		D404DA7429A40D36001B13D0 /* Assets.xcassets */ = {isa = PBXFileReference; lastKnownFileType = folder.assetcatalog; path = Assets.xcassets; sourceTree = "<group>"; };
		D404DA7729A40D36001B13D0 /* Preview Assets.xcassets */ = {isa = PBXFileReference; lastKnownFileType = folder.assetcatalog; path = "Preview Assets.xcassets"; sourceTree = "<group>"; };
		D404DAA929A40FDD001B13D0 /* TimeFlies.xcdatamodel */ = {isa = PBXFileReference; lastKnownFileType = wrapper.xcdatamodel; path = TimeFlies.xcdatamodel; sourceTree = "<group>"; };
		D404DAAB29A4101D001B13D0 /* Event+CoreDataClass.swift */ = {isa = PBXFileReference; lastKnownFileType = sourcecode.swift; path = "Event+CoreDataClass.swift"; sourceTree = "<group>"; };
		D404DAAC29A4101D001B13D0 /* Event+CoreDataProperties.swift */ = {isa = PBXFileReference; lastKnownFileType = sourcecode.swift; path = "Event+CoreDataProperties.swift"; sourceTree = "<group>"; };
		D404DAAF29A410F8001B13D0 /* PersistenceController.swift */ = {isa = PBXFileReference; lastKnownFileType = sourcecode.swift; path = PersistenceController.swift; sourceTree = "<group>"; };
		D404DAB329A41982001B13D0 /* TimeFliesDataManaging.swift */ = {isa = PBXFileReference; lastKnownFileType = sourcecode.swift; path = TimeFliesDataManaging.swift; sourceTree = "<group>"; };
		D404DAB529A41A2E001B13D0 /* CoreDataTimeFliesDataManager.swift */ = {isa = PBXFileReference; lastKnownFileType = sourcecode.swift; path = CoreDataTimeFliesDataManager.swift; sourceTree = "<group>"; };
		D404DABA29A41F54001B13D0 /* EnvironmentObjectProtocolWrapper.swift */ = {isa = PBXFileReference; lastKnownFileType = sourcecode.swift; path = EnvironmentObjectProtocolWrapper.swift; sourceTree = "<group>"; };
		D404DABC29A42115001B13D0 /* ContentViewViewModel.swift */ = {isa = PBXFileReference; lastKnownFileType = sourcecode.swift; path = ContentViewViewModel.swift; sourceTree = "<group>"; };
		D404DAC129A42371001B13D0 /* EventCell.swift */ = {isa = PBXFileReference; lastKnownFileType = sourcecode.swift; path = EventCell.swift; sourceTree = "<group>"; };
		D404DAC429A4247C001B13D0 /* EventCellViewModel.swift */ = {isa = PBXFileReference; lastKnownFileType = sourcecode.swift; path = EventCellViewModel.swift; sourceTree = "<group>"; };
		D404DAC629A42844001B13D0 /* EventInfoView.swift */ = {isa = PBXFileReference; lastKnownFileType = sourcecode.swift; path = EventInfoView.swift; sourceTree = "<group>"; };
		D404DAC829A42ADE001B13D0 /* ClearableTextField.swift */ = {isa = PBXFileReference; lastKnownFileType = sourcecode.swift; path = ClearableTextField.swift; sourceTree = "<group>"; };
		D40CC7D929AB9A75001C5FF8 /* EditModeButton.swift */ = {isa = PBXFileReference; lastKnownFileType = sourcecode.swift; path = EditModeButton.swift; sourceTree = "<group>"; };
		D41F758229A8DDEB00DE252D /* RoundedBorder.swift */ = {isa = PBXFileReference; lastKnownFileType = sourcecode.swift; path = RoundedBorder.swift; sourceTree = "<group>"; };
		D49B840229A550A700068DCF /* EventInfoViewViewModel.swift */ = {isa = PBXFileReference; lastKnownFileType = sourcecode.swift; path = EventInfoViewViewModel.swift; sourceTree = "<group>"; };
		D49B840429A5685400068DCF /* Date+Utils.swift */ = {isa = PBXFileReference; lastKnownFileType = sourcecode.swift; path = "Date+Utils.swift"; sourceTree = "<group>"; };
/* End PBXFileReference section */

/* Begin PBXFrameworksBuildPhase section */
		D404DA6A29A40D35001B13D0 /* Frameworks */ = {
			isa = PBXFrameworksBuildPhase;
			buildActionMask = 2147483647;
			files = (
			);
			runOnlyForDeploymentPostprocessing = 0;
		};
/* End PBXFrameworksBuildPhase section */

/* Begin PBXGroup section */
		D404DA6429A40D35001B13D0 = {
			isa = PBXGroup;
			children = (
				D404DA6F29A40D35001B13D0 /* TimeFlies */,
				D404DA6E29A40D35001B13D0 /* Products */,
			);
			sourceTree = "<group>";
		};
		D404DA6E29A40D35001B13D0 /* Products */ = {
			isa = PBXGroup;
			children = (
				D404DA6D29A40D35001B13D0 /* TimeFlies.app */,
			);
			name = Products;
			sourceTree = "<group>";
		};
		D404DA6F29A40D35001B13D0 /* TimeFlies */ = {
			isa = PBXGroup;
			children = (
				D404DAA529A40F67001B13D0 /* Controllers */,
				D404DAB929A41F32001B13D0 /* Utils */,
				D404DA7E29A40D97001B13D0 /* Models */,
				D404DA8029A40DAF001B13D0 /* Views */,
				D404DA7F29A40DA2001B13D0 /* View Models */,
				D404DA7029A40D35001B13D0 /* TimeFliesApp.swift */,
				D404DA7429A40D36001B13D0 /* Assets.xcassets */,
				D404DA7629A40D36001B13D0 /* Preview Content */,
			);
			path = TimeFlies;
			sourceTree = "<group>";
		};
		D404DA7629A40D36001B13D0 /* Preview Content */ = {
			isa = PBXGroup;
			children = (
				D404DA7729A40D36001B13D0 /* Preview Assets.xcassets */,
			);
			path = "Preview Content";
			sourceTree = "<group>";
		};
		D404DA7E29A40D97001B13D0 /* Models */ = {
			isa = PBXGroup;
			children = (
				D404DAAB29A4101D001B13D0 /* Event+CoreDataClass.swift */,
				D404DAAC29A4101D001B13D0 /* Event+CoreDataProperties.swift */,
				D404DAA829A40FDD001B13D0 /* TimeFlies.xcdatamodeld */,
			);
			path = Models;
			sourceTree = "<group>";
		};
		D404DA7F29A40DA2001B13D0 /* View Models */ = {
			isa = PBXGroup;
			children = (
				D404DAC329A4246F001B13D0 /* Single Elements */,
				D404DABC29A42115001B13D0 /* ContentViewViewModel.swift */,
				D49B840229A550A700068DCF /* EventInfoViewViewModel.swift */,
			);
			path = "View Models";
			sourceTree = "<group>";
		};
		D404DA8029A40DAF001B13D0 /* Views */ = {
			isa = PBXGroup;
			children = (
				D41F758429A8DDF200DE252D /* Modifiers */,
				D404DABE29A42333001B13D0 /* Single Elements */,
				D404DA7229A40D35001B13D0 /* ContentView.swift */,
				D404DAC629A42844001B13D0 /* EventInfoView.swift */,
			);
			path = Views;
			sourceTree = "<group>";
		};
		D404DAA529A40F67001B13D0 /* Controllers */ = {
			isa = PBXGroup;
			children = (
				D404DAB529A41A2E001B13D0 /* CoreDataTimeFliesDataManager.swift */,
				D404DAAF29A410F8001B13D0 /* PersistenceController.swift */,
				D404DAB329A41982001B13D0 /* TimeFliesDataManaging.swift */,
			);
			path = Controllers;
			sourceTree = "<group>";
		};
		D404DAB929A41F32001B13D0 /* Utils */ = {
			isa = PBXGroup;
			children = (
				D49B840429A5685400068DCF /* Date+Utils.swift */,
				D404DABA29A41F54001B13D0 /* EnvironmentObjectProtocolWrapper.swift */,
			);
			path = Utils;
			sourceTree = "<group>";
		};
		D404DABE29A42333001B13D0 /* Single Elements */ = {
			isa = PBXGroup;
			children = (
				D404DAC829A42ADE001B13D0 /* ClearableTextField.swift */,
				D40CC7D929AB9A75001C5FF8 /* EditModeButton.swift */,
				D404DAC129A42371001B13D0 /* EventCell.swift */,
			);
			path = "Single Elements";
			sourceTree = "<group>";
		};
		D404DAC329A4246F001B13D0 /* Single Elements */ = {
			isa = PBXGroup;
			children = (
				D404DAC429A4247C001B13D0 /* EventCellViewModel.swift */,
			);
			path = "Single Elements";
			sourceTree = "<group>";
		};
		D41F758429A8DDF200DE252D /* Modifiers */ = {
			isa = PBXGroup;
			children = (
				D41F758229A8DDEB00DE252D /* RoundedBorder.swift */,
			);
			path = Modifiers;
			sourceTree = "<group>";
		};
/* End PBXGroup section */

/* Begin PBXNativeTarget section */
		D404DA6C29A40D35001B13D0 /* TimeFlies */ = {
			isa = PBXNativeTarget;
			buildConfigurationList = D404DA7B29A40D37001B13D0 /* Build configuration list for PBXNativeTarget "TimeFlies" */;
			buildPhases = (
				D404DA6929A40D35001B13D0 /* Sources */,
				D404DA6A29A40D35001B13D0 /* Frameworks */,
				D404DA6B29A40D35001B13D0 /* Resources */,
			);
			buildRules = (
			);
			dependencies = (
			);
			name = TimeFlies;
			productName = TimeFlies;
			productReference = D404DA6D29A40D35001B13D0 /* TimeFlies.app */;
			productType = "com.apple.product-type.application";
		};
/* End PBXNativeTarget section */

/* Begin PBXProject section */
		D404DA6529A40D35001B13D0 /* Project object */ = {
			isa = PBXProject;
			attributes = {
				BuildIndependentTargetsInParallel = 1;
				LastSwiftUpdateCheck = 1420;
				LastUpgradeCheck = 1420;
				TargetAttributes = {
					D404DA6C29A40D35001B13D0 = {
						CreatedOnToolsVersion = 14.2;
					};
				};
			};
			buildConfigurationList = D404DA6829A40D35001B13D0 /* Build configuration list for PBXProject "TimeFlies" */;
			compatibilityVersion = "Xcode 14.0";
			developmentRegion = en;
			hasScannedForEncodings = 0;
			knownRegions = (
				en,
				Base,
			);
			mainGroup = D404DA6429A40D35001B13D0;
			productRefGroup = D404DA6E29A40D35001B13D0 /* Products */;
			projectDirPath = "";
			projectRoot = "";
			targets = (
				D404DA6C29A40D35001B13D0 /* TimeFlies */,
			);
		};
/* End PBXProject section */

/* Begin PBXResourcesBuildPhase section */
		D404DA6B29A40D35001B13D0 /* Resources */ = {
			isa = PBXResourcesBuildPhase;
			buildActionMask = 2147483647;
			files = (
				D404DA7829A40D36001B13D0 /* Preview Assets.xcassets in Resources */,
				D404DA7529A40D36001B13D0 /* Assets.xcassets in Resources */,
			);
			runOnlyForDeploymentPostprocessing = 0;
		};
/* End PBXResourcesBuildPhase section */

/* Begin PBXSourcesBuildPhase section */
		D404DA6929A40D35001B13D0 /* Sources */ = {
			isa = PBXSourcesBuildPhase;
			buildActionMask = 2147483647;
			files = (
				D404DABB29A41F54001B13D0 /* EnvironmentObjectProtocolWrapper.swift in Sources */,
				D404DAC929A42ADE001B13D0 /* ClearableTextField.swift in Sources */,
				D404DAC529A4247C001B13D0 /* EventCellViewModel.swift in Sources */,
				D404DAAE29A4101D001B13D0 /* Event+CoreDataProperties.swift in Sources */,
				D49B840329A550A700068DCF /* EventInfoViewViewModel.swift in Sources */,
				D404DAC729A42844001B13D0 /* EventInfoView.swift in Sources */,
				D404DAAA29A40FDD001B13D0 /* TimeFlies.xcdatamodeld in Sources */,
				D41F758329A8DDEB00DE252D /* RoundedBorder.swift in Sources */,
				D404DAAD29A4101D001B13D0 /* Event+CoreDataClass.swift in Sources */,
				D404DAB629A41A2E001B13D0 /* CoreDataTimeFliesDataManager.swift in Sources */,
				D404DAB029A410F8001B13D0 /* PersistenceController.swift in Sources */,
				D49B840529A5685400068DCF /* Date+Utils.swift in Sources */,
				D404DAC229A42371001B13D0 /* EventCell.swift in Sources */,
				D404DA7329A40D35001B13D0 /* ContentView.swift in Sources */,
				D40CC7DA29AB9A75001C5FF8 /* EditModeButton.swift in Sources */,
				D404DA7129A40D35001B13D0 /* TimeFliesApp.swift in Sources */,
				D404DAB429A41982001B13D0 /* TimeFliesDataManaging.swift in Sources */,
				D404DABD29A42115001B13D0 /* ContentViewViewModel.swift in Sources */,
			);
			runOnlyForDeploymentPostprocessing = 0;
		};
/* End PBXSourcesBuildPhase section */

/* Begin XCBuildConfiguration section */
		D404DA7929A40D36001B13D0 /* Debug */ = {
			isa = XCBuildConfiguration;
			buildSettings = {
				ALWAYS_SEARCH_USER_PATHS = NO;
				CLANG_ANALYZER_NONNULL = YES;
				CLANG_ANALYZER_NUMBER_OBJECT_CONVERSION = YES_AGGRESSIVE;
				CLANG_CXX_LANGUAGE_STANDARD = "gnu++20";
				CLANG_ENABLE_MODULES = YES;
				CLANG_ENABLE_OBJC_ARC = YES;
				CLANG_ENABLE_OBJC_WEAK = YES;
				CLANG_WARN_BLOCK_CAPTURE_AUTORELEASING = YES;
				CLANG_WARN_BOOL_CONVERSION = YES;
				CLANG_WARN_COMMA = YES;
				CLANG_WARN_CONSTANT_CONVERSION = YES;
				CLANG_WARN_DEPRECATED_OBJC_IMPLEMENTATIONS = YES;
				CLANG_WARN_DIRECT_OBJC_ISA_USAGE = YES_ERROR;
				CLANG_WARN_DOCUMENTATION_COMMENTS = YES;
				CLANG_WARN_EMPTY_BODY = YES;
				CLANG_WARN_ENUM_CONVERSION = YES;
				CLANG_WARN_INFINITE_RECURSION = YES;
				CLANG_WARN_INT_CONVERSION = YES;
				CLANG_WARN_NON_LITERAL_NULL_CONVERSION = YES;
				CLANG_WARN_OBJC_IMPLICIT_RETAIN_SELF = YES;
				CLANG_WARN_OBJC_LITERAL_CONVERSION = YES;
				CLANG_WARN_OBJC_ROOT_CLASS = YES_ERROR;
				CLANG_WARN_QUOTED_INCLUDE_IN_FRAMEWORK_HEADER = YES;
				CLANG_WARN_RANGE_LOOP_ANALYSIS = YES;
				CLANG_WARN_STRICT_PROTOTYPES = YES;
				CLANG_WARN_SUSPICIOUS_MOVE = YES;
				CLANG_WARN_UNGUARDED_AVAILABILITY = YES_AGGRESSIVE;
				CLANG_WARN_UNREACHABLE_CODE = YES;
				CLANG_WARN__DUPLICATE_METHOD_MATCH = YES;
				COPY_PHASE_STRIP = NO;
				DEBUG_INFORMATION_FORMAT = dwarf;
				ENABLE_STRICT_OBJC_MSGSEND = YES;
				ENABLE_TESTABILITY = YES;
				GCC_C_LANGUAGE_STANDARD = gnu11;
				GCC_DYNAMIC_NO_PIC = NO;
				GCC_NO_COMMON_BLOCKS = YES;
				GCC_OPTIMIZATION_LEVEL = 0;
				GCC_PREPROCESSOR_DEFINITIONS = (
					"DEBUG=1",
					"$(inherited)",
				);
				GCC_WARN_64_TO_32_BIT_CONVERSION = YES;
				GCC_WARN_ABOUT_RETURN_TYPE = YES_ERROR;
				GCC_WARN_UNDECLARED_SELECTOR = YES;
				GCC_WARN_UNINITIALIZED_AUTOS = YES_AGGRESSIVE;
				GCC_WARN_UNUSED_FUNCTION = YES;
				GCC_WARN_UNUSED_VARIABLE = YES;
				IPHONEOS_DEPLOYMENT_TARGET = 16.2;
				MTL_ENABLE_DEBUG_INFO = INCLUDE_SOURCE;
				MTL_FAST_MATH = YES;
				ONLY_ACTIVE_ARCH = YES;
				SDKROOT = iphoneos;
				SWIFT_ACTIVE_COMPILATION_CONDITIONS = DEBUG;
				SWIFT_OPTIMIZATION_LEVEL = "-Onone";
			};
			name = Debug;
		};
		D404DA7A29A40D37001B13D0 /* Release */ = {
			isa = XCBuildConfiguration;
			buildSettings = {
				ALWAYS_SEARCH_USER_PATHS = NO;
				CLANG_ANALYZER_NONNULL = YES;
				CLANG_ANALYZER_NUMBER_OBJECT_CONVERSION = YES_AGGRESSIVE;
				CLANG_CXX_LANGUAGE_STANDARD = "gnu++20";
				CLANG_ENABLE_MODULES = YES;
				CLANG_ENABLE_OBJC_ARC = YES;
				CLANG_ENABLE_OBJC_WEAK = YES;
				CLANG_WARN_BLOCK_CAPTURE_AUTORELEASING = YES;
				CLANG_WARN_BOOL_CONVERSION = YES;
				CLANG_WARN_COMMA = YES;
				CLANG_WARN_CONSTANT_CONVERSION = YES;
				CLANG_WARN_DEPRECATED_OBJC_IMPLEMENTATIONS = YES;
				CLANG_WARN_DIRECT_OBJC_ISA_USAGE = YES_ERROR;
				CLANG_WARN_DOCUMENTATION_COMMENTS = YES;
				CLANG_WARN_EMPTY_BODY = YES;
				CLANG_WARN_ENUM_CONVERSION = YES;
				CLANG_WARN_INFINITE_RECURSION = YES;
				CLANG_WARN_INT_CONVERSION = YES;
				CLANG_WARN_NON_LITERAL_NULL_CONVERSION = YES;
				CLANG_WARN_OBJC_IMPLICIT_RETAIN_SELF = YES;
				CLANG_WARN_OBJC_LITERAL_CONVERSION = YES;
				CLANG_WARN_OBJC_ROOT_CLASS = YES_ERROR;
				CLANG_WARN_QUOTED_INCLUDE_IN_FRAMEWORK_HEADER = YES;
				CLANG_WARN_RANGE_LOOP_ANALYSIS = YES;
				CLANG_WARN_STRICT_PROTOTYPES = YES;
				CLANG_WARN_SUSPICIOUS_MOVE = YES;
				CLANG_WARN_UNGUARDED_AVAILABILITY = YES_AGGRESSIVE;
				CLANG_WARN_UNREACHABLE_CODE = YES;
				CLANG_WARN__DUPLICATE_METHOD_MATCH = YES;
				COPY_PHASE_STRIP = NO;
				DEBUG_INFORMATION_FORMAT = "dwarf-with-dsym";
				ENABLE_NS_ASSERTIONS = NO;
				ENABLE_STRICT_OBJC_MSGSEND = YES;
				GCC_C_LANGUAGE_STANDARD = gnu11;
				GCC_NO_COMMON_BLOCKS = YES;
				GCC_WARN_64_TO_32_BIT_CONVERSION = YES;
				GCC_WARN_ABOUT_RETURN_TYPE = YES_ERROR;
				GCC_WARN_UNDECLARED_SELECTOR = YES;
				GCC_WARN_UNINITIALIZED_AUTOS = YES_AGGRESSIVE;
				GCC_WARN_UNUSED_FUNCTION = YES;
				GCC_WARN_UNUSED_VARIABLE = YES;
				IPHONEOS_DEPLOYMENT_TARGET = 16.2;
				MTL_ENABLE_DEBUG_INFO = NO;
				MTL_FAST_MATH = YES;
				SDKROOT = iphoneos;
				SWIFT_COMPILATION_MODE = wholemodule;
				SWIFT_OPTIMIZATION_LEVEL = "-O";
				VALIDATE_PRODUCT = YES;
			};
			name = Release;
		};
		D404DA7C29A40D37001B13D0 /* Debug */ = {
			isa = XCBuildConfiguration;
			buildSettings = {
				ASSETCATALOG_COMPILER_APPICON_NAME = AppIcon;
				ASSETCATALOG_COMPILER_GLOBAL_ACCENT_COLOR_NAME = AccentColor;
				CODE_SIGN_STYLE = Automatic;
				CURRENT_PROJECT_VERSION = 1;
				DEVELOPMENT_ASSET_PATHS = "\"TimeFlies/Preview Content\"";
				DEVELOPMENT_TEAM = 9R8632TC52;
				ENABLE_PREVIEWS = YES;
				GENERATE_INFOPLIST_FILE = YES;
				INFOPLIST_KEY_UIApplicationSceneManifest_Generation = YES;
				INFOPLIST_KEY_UIApplicationSupportsIndirectInputEvents = YES;
				INFOPLIST_KEY_UILaunchScreen_Generation = YES;
				INFOPLIST_KEY_UISupportedInterfaceOrientations_iPad = "UIInterfaceOrientationPortrait UIInterfaceOrientationPortraitUpsideDown UIInterfaceOrientationLandscapeLeft UIInterfaceOrientationLandscapeRight";
				INFOPLIST_KEY_UISupportedInterfaceOrientations_iPhone = "UIInterfaceOrientationPortrait UIInterfaceOrientationLandscapeLeft UIInterfaceOrientationLandscapeRight";
				LD_RUNPATH_SEARCH_PATHS = (
					"$(inherited)",
					"@executable_path/Frameworks",
				);
				MARKETING_VERSION = 1.0;
				PRODUCT_BUNDLE_IDENTIFIER = it.ostojan.TimeFlies;
				PRODUCT_NAME = "$(TARGET_NAME)";
				SWIFT_EMIT_LOC_STRINGS = YES;
				SWIFT_VERSION = 5.0;
				TARGETED_DEVICE_FAMILY = "1,2";
			};
			name = Debug;
		};
		D404DA7D29A40D37001B13D0 /* Release */ = {
			isa = XCBuildConfiguration;
			buildSettings = {
				ASSETCATALOG_COMPILER_APPICON_NAME = AppIcon;
				ASSETCATALOG_COMPILER_GLOBAL_ACCENT_COLOR_NAME = AccentColor;
				CODE_SIGN_STYLE = Automatic;
				CURRENT_PROJECT_VERSION = 1;
				DEVELOPMENT_ASSET_PATHS = "\"TimeFlies/Preview Content\"";
				DEVELOPMENT_TEAM = 9R8632TC52;
				ENABLE_PREVIEWS = YES;
				GENERATE_INFOPLIST_FILE = YES;
				INFOPLIST_KEY_UIApplicationSceneManifest_Generation = YES;
				INFOPLIST_KEY_UIApplicationSupportsIndirectInputEvents = YES;
				INFOPLIST_KEY_UILaunchScreen_Generation = YES;
				INFOPLIST_KEY_UISupportedInterfaceOrientations_iPad = "UIInterfaceOrientationPortrait UIInterfaceOrientationPortraitUpsideDown UIInterfaceOrientationLandscapeLeft UIInterfaceOrientationLandscapeRight";
				INFOPLIST_KEY_UISupportedInterfaceOrientations_iPhone = "UIInterfaceOrientationPortrait UIInterfaceOrientationLandscapeLeft UIInterfaceOrientationLandscapeRight";
				LD_RUNPATH_SEARCH_PATHS = (
					"$(inherited)",
					"@executable_path/Frameworks",
				);
				MARKETING_VERSION = 1.0;
				PRODUCT_BUNDLE_IDENTIFIER = it.ostojan.TimeFlies;
				PRODUCT_NAME = "$(TARGET_NAME)";
				SWIFT_EMIT_LOC_STRINGS = YES;
				SWIFT_VERSION = 5.0;
				TARGETED_DEVICE_FAMILY = "1,2";
			};
			name = Release;
		};
/* End XCBuildConfiguration section */

/* Begin XCConfigurationList section */
		D404DA6829A40D35001B13D0 /* Build configuration list for PBXProject "TimeFlies" */ = {
			isa = XCConfigurationList;
			buildConfigurations = (
				D404DA7929A40D36001B13D0 /* Debug */,
				D404DA7A29A40D37001B13D0 /* Release */,
			);
			defaultConfigurationIsVisible = 0;
			defaultConfigurationName = Release;
		};
		D404DA7B29A40D37001B13D0 /* Build configuration list for PBXNativeTarget "TimeFlies" */ = {
			isa = XCConfigurationList;
			buildConfigurations = (
				D404DA7C29A40D37001B13D0 /* Debug */,
				D404DA7D29A40D37001B13D0 /* Release */,
			);
			defaultConfigurationIsVisible = 0;
			defaultConfigurationName = Release;
		};
/* End XCConfigurationList section */

/* Begin XCVersionGroup section */
		D404DAA829A40FDD001B13D0 /* TimeFlies.xcdatamodeld */ = {
			isa = XCVersionGroup;
			children = (
				D404DAA929A40FDD001B13D0 /* TimeFlies.xcdatamodel */,
			);
			currentVersion = D404DAA929A40FDD001B13D0 /* TimeFlies.xcdatamodel */;
			path = TimeFlies.xcdatamodeld;
			sourceTree = "<group>";
			versionGroupType = wrapper.xcdatamodel;
		};
/* End XCVersionGroup section */
	};
	rootObject = D404DA6529A40D35001B13D0 /* Project object */;
}
